// !$*UTF8*$!
{
	archiveVersion = 1;
	classes = {
	};
	objectVersion = 48;
	objects = {

/* Begin PBXBuildFile section */
		F9CDE1951F981F13001F245D /* AppDelegate.swift in Sources */ = {isa = PBXBuildFile; fileRef = F9CDE1941F981F13001F245D /* AppDelegate.swift */; };
		F9CDE1971F981F13001F245D /* ViewController.swift in Sources */ = {isa = PBXBuildFile; fileRef = F9CDE1961F981F13001F245D /* ViewController.swift */; };
		F9CDE19A1F981F13001F245D /* Main.storyboard in Resources */ = {isa = PBXBuildFile; fileRef = F9CDE1981F981F13001F245D /* Main.storyboard */; };
		F9CDE19C1F981F13001F245D /* Assets.xcassets in Resources */ = {isa = PBXBuildFile; fileRef = F9CDE19B1F981F13001F245D /* Assets.xcassets */; };
		F9CDE19F1F981F13001F245D /* LaunchScreen.storyboard in Resources */ = {isa = PBXBuildFile; fileRef = F9CDE19D1F981F13001F245D /* LaunchScreen.storyboard */; };
		F9CDE1A71F981F2E001F245D /* pergjigja.wav in Resources */ = {isa = PBXBuildFile; fileRef = F9CDE1A61F981F2E001F245D /* pergjigja.wav */; };
/* End PBXBuildFile section */

/* Begin PBXFileReference section */
		F9CDE1911F981F13001F245D /* Topi-Magjik.app */ = {isa = PBXFileReference; explicitFileType = wrapper.application; includeInIndex = 0; path = "Topi-Magjik.app"; sourceTree = BUILT_PRODUCTS_DIR; };
		F9CDE1941F981F13001F245D /* AppDelegate.swift */ = {isa = PBXFileReference; lastKnownFileType = sourcecode.swift; path = AppDelegate.swift; sourceTree = "<group>"; };
		F9CDE1961F981F13001F245D /* ViewController.swift */ = {isa = PBXFileReference; lastKnownFileType = sourcecode.swift; path = ViewController.swift; sourceTree = "<group>"; };
		F9CDE1991F981F13001F245D /* Base */ = {isa = PBXFileReference; lastKnownFileType = file.storyboard; name = Base; path = Base.lproj/Main.storyboard; sourceTree = "<group>"; };
		F9CDE19B1F981F13001F245D /* Assets.xcassets */ = {isa = PBXFileReference; lastKnownFileType = folder.assetcatalog; path = Assets.xcassets; sourceTree = "<group>"; };
		F9CDE19E1F981F13001F245D /* Base */ = {isa = PBXFileReference; lastKnownFileType = file.storyboard; name = Base; path = Base.lproj/LaunchScreen.storyboard; sourceTree = "<group>"; };
		F9CDE1A01F981F13001F245D /* Info.plist */ = {isa = PBXFileReference; lastKnownFileType = text.plist.xml; path = Info.plist; sourceTree = "<group>"; };
		F9CDE1A61F981F2E001F245D /* pergjigja.wav */ = {isa = PBXFileReference; lastKnownFileType = audio.wav; path = pergjigja.wav; sourceTree = "<group>"; };
/* End PBXFileReference section */

/* Begin PBXFrameworksBuildPhase section */
		F9CDE18E1F981F13001F245D /* Frameworks */ = {
			isa = PBXFrameworksBuildPhase;
			buildActionMask = 2147483647;
			files = (
			);
			runOnlyForDeploymentPostprocessing = 0;
		};
/* End PBXFrameworksBuildPhase section */

/* Begin PBXGroup section */
		F9CDE1881F981F13001F245D = {
			isa = PBXGroup;
			children = (
				F9CDE1931F981F13001F245D /* Topi-Magjik */,
				F9CDE1921F981F13001F245D /* Products */,
			);
			sourceTree = "<group>";
		};
		F9CDE1921F981F13001F245D /* Products */ = {
			isa = PBXGroup;
			children = (
				F9CDE1911F981F13001F245D /* Topi-Magjik.app */,
			);
			name = Products;
			sourceTree = "<group>";
		};
		F9CDE1931F981F13001F245D /* Topi-Magjik */ = {
			isa = PBXGroup;
			children = (
				F9CDE1A61F981F2E001F245D /* pergjigja.wav */,
				F9CDE1941F981F13001F245D /* AppDelegate.swift */,
				F9CDE1961F981F13001F245D /* ViewController.swift */,
				F9CDE1981F981F13001F245D /* Main.storyboard */,
				F9CDE19B1F981F13001F245D /* Assets.xcassets */,
				F9CDE19D1F981F13001F245D /* LaunchScreen.storyboard */,
				F9CDE1A01F981F13001F245D /* Info.plist */,
			);
			path = "Topi-Magjik";
			sourceTree = "<group>";
		};
/* End PBXGroup section */

/* Begin PBXNativeTarget section */
		F9CDE1901F981F13001F245D /* Topi-Magjik */ = {
			isa = PBXNativeTarget;
			buildConfigurationList = F9CDE1A31F981F13001F245D /* Build configuration list for PBXNativeTarget "Topi-Magjik" */;
			buildPhases = (
				F9CDE18D1F981F13001F245D /* Sources */,
				F9CDE18E1F981F13001F245D /* Frameworks */,
				F9CDE18F1F981F13001F245D /* Resources */,
			);
			buildRules = (
			);
			dependencies = (
			);
			name = "Topi-Magjik";
			productName = "Topi-Magjik";
			productReference = F9CDE1911F981F13001F245D /* Topi-Magjik.app */;
			productType = "com.apple.product-type.application";
		};
/* End PBXNativeTarget section */

/* Begin PBXProject section */
		F9CDE1891F981F13001F245D /* Project object */ = {
			isa = PBXProject;
			attributes = {
				LastSwiftUpdateCheck = 0900;
				LastUpgradeCheck = 0900;
				ORGANIZATIONNAME = "Altina Spahija";
				TargetAttributes = {
					F9CDE1901F981F13001F245D = {
						CreatedOnToolsVersion = 9.0.1;
						ProvisioningStyle = Automatic;
					};
				};
			};
			buildConfigurationList = F9CDE18C1F981F13001F245D /* Build configuration list for PBXProject "Topi-Magjik" */;
			compatibilityVersion = "Xcode 8.0";
			developmentRegion = en;
			hasScannedForEncodings = 0;
			knownRegions = (
				en,
				Base,
			);
			mainGroup = F9CDE1881F981F13001F245D;
			productRefGroup = F9CDE1921F981F13001F245D /* Products */;
			projectDirPath = "";
			projectRoot = "";
			targets = (
				F9CDE1901F981F13001F245D /* Topi-Magjik */,
			);
		};
/* End PBXProject section */

/* Begin PBXResourcesBuildPhase section */
		F9CDE18F1F981F13001F245D /* Resources */ = {
			isa = PBXResourcesBuildPhase;
			buildActionMask = 2147483647;
			files = (
				F9CDE1A71F981F2E001F245D /* pergjigja.wav in Resources */,
				F9CDE19F1F981F13001F245D /* LaunchScreen.storyboard in Resources */,
				F9CDE19C1F981F13001F245D /* Assets.xcassets in Resources */,
				F9CDE19A1F981F13001F245D /* Main.storyboard in Resources */,
			);
			runOnlyForDeploymentPostprocessing = 0;
		};
/* End PBXResourcesBuildPhase section */

/* Begin PBXSourcesBuildPhase section */
		F9CDE18D1F981F13001F245D /* Sources */ = {
			isa = PBXSourcesBuildPhase;
			buildActionMask = 2147483647;
			files = (
				F9CDE1971F981F13001F245D /* ViewController.swift in Sources */,
				F9CDE1951F981F13001F245D /* AppDelegate.swift in Sources */,
			);
			runOnlyForDeploymentPostprocessing = 0;
		};
/* End PBXSourcesBuildPhase section */

/* Begin PBXVariantGroup section */
		F9CDE1981F981F13001F245D /* Main.storyboard */ = {
			isa = PBXVariantGroup;
			children = (
				F9CDE1991F981F13001F245D /* Base */,
			);
			name = Main.storyboard;
			sourceTree = "<group>";
		};
		F9CDE19D1F981F13001F245D /* LaunchScreen.storyboard */ = {
			isa = PBXVariantGroup;
			children = (
				F9CDE19E1F981F13001F245D /* Base */,
			);
			name = LaunchScreen.storyboard;
			sourceTree = "<group>";
		};
/* End PBXVariantGroup section */

/* Begin XCBuildConfiguration section */
		F9CDE1A11F981F13001F245D /* Debug */ = {
			isa = XCBuildConfiguration;
			buildSettings = {
				ALWAYS_SEARCH_USER_PATHS = NO;
				CLANG_ANALYZER_NONNULL = YES;
				CLANG_ANALYZER_NUMBER_OBJECT_CONVERSION = YES_AGGRESSIVE;
				CLANG_CXX_LANGUAGE_STANDARD = "gnu++14";
				CLANG_CXX_LIBRARY = "libc++";
				CLANG_ENABLE_MODULES = YES;
				CLANG_ENABLE_OBJC_ARC = YES;
				CLANG_WARN_BLOCK_CAPTURE_AUTORELEASING = YES;
				CLANG_WARN_BOOL_CONVERSION = YES;
				CLANG_WARN_COMMA = YES;
				CLANG_WARN_CONSTANT_CONVERSION = YES;
				CLANG_WARN_DIRECT_OBJC_ISA_USAGE = YES_ERROR;
				CLANG_WARN_DOCUMENTATION_COMMENTS = YES;
				CLANG_WARN_EMPTY_BODY = YES;
				CLANG_WARN_ENUM_CONVERSION = YES;
				CLANG_WARN_INFINITE_RECURSION = YES;
				CLANG_WARN_INT_CONVERSION = YES;
				CLANG_WARN_NON_LITERAL_NULL_CONVERSION = YES;
				CLANG_WARN_OBJC_LITERAL_CONVERSION = YES;
				CLANG_WARN_OBJC_ROOT_CLASS = YES_ERROR;
				CLANG_WARN_RANGE_LOOP_ANALYSIS = YES;
				CLANG_WARN_STRICT_PROTOTYPES = YES;
				CLANG_WARN_SUSPICIOUS_MOVE = YES;
				CLANG_WARN_UNGUARDED_AVAILABILITY = YES_AGGRESSIVE;
				CLANG_WARN_UNREACHABLE_CODE = YES;
				CLANG_WARN__DUPLICATE_METHOD_MATCH = YES;
				CODE_SIGN_IDENTITY = "iPhone Developer";
				COPY_PHASE_STRIP = NO;
				DEBUG_INFORMATION_FORMAT = dwarf;
				ENABLE_STRICT_OBJC_MSGSEND = YES;
				ENABLE_TESTABILITY = YES;
				GCC_C_LANGUAGE_STANDARD = gnu11;
				GCC_DYNAMIC_NO_PIC = NO;
				GCC_NO_COMMON_BLOCKS = YES;
				GCC_OPTIMIZATION_LEVEL = 0;
				GCC_PREPROCESSOR_DEFINITIONS = (
					"DEBUG=1",
					"$(inherited)",
				);
				GCC_WARN_64_TO_32_BIT_CONVERSION = YES;
				GCC_WARN_ABOUT_RETURN_TYPE = YES_ERROR;
				GCC_WARN_UNDECLARED_SELECTOR = YES;
				GCC_WARN_UNINITIALIZED_AUTOS = YES_AGGRESSIVE;
				GCC_WARN_UNUSED_FUNCTION = YES;
				GCC_WARN_UNUSED_VARIABLE = YES;
				IPHONEOS_DEPLOYMENT_TARGET = 11.0;
				MTL_ENABLE_DEBUG_INFO = YES;
				ONLY_ACTIVE_ARCH = YES;
				SDKROOT = iphoneos;
				SWIFT_ACTIVE_COMPILATION_CONDITIONS = DEBUG;
				SWIFT_OPTIMIZATION_LEVEL = "-Onone";
			};
			name = Debug;
		};
		F9CDE1A21F981F13001F245D /* Release */ = {
			isa = XCBuildConfiguration;
			buildSettings = {
				ALWAYS_SEARCH_USER_PATHS = NO;
				CLANG_ANALYZER_NONNULL = YES;
				CLANG_ANALYZER_NUMBER_OBJECT_CONVERSION = YES_AGGRESSIVE;
				CLANG_CXX_LANGUAGE_STANDARD = "gnu++14";
				CLANG_CXX_LIBRARY = "libc++";
				CLANG_ENABLE_MODULES = YES;
				CLANG_ENABLE_OBJC_ARC = YES;
				CLANG_WARN_BLOCK_CAPTURE_AUTORELEASING = YES;
				CLANG_WARN_BOOL_CONVERSION = YES;
				CLANG_WARN_COMMA = YES;
				CLANG_WARN_CONSTANT_CONVERSION = YES;
				CLANG_WARN_DIRECT_OBJC_ISA_USAGE = YES_ERROR;
				CLANG_WARN_DOCUMENTATION_COMMENTS = YES;
				CLANG_WARN_EMPTY_BODY = YES;
				CLANG_WARN_ENUM_CONVERSION = YES;
				CLANG_WARN_INFINITE_RECURSION = YES;
				CLANG_WARN_INT_CONVERSION = YES;
				CLANG_WARN_NON_LITERAL_NULL_CONVERSION = YES;
				CLANG_WARN_OBJC_LITERAL_CONVERSION = YES;
				CLANG_WARN_OBJC_ROOT_CLASS = YES_ERROR;
				CLANG_WARN_RANGE_LOOP_ANALYSIS = YES;
				CLANG_WARN_STRICT_PROTOTYPES = YES;
				CLANG_WARN_SUSPICIOUS_MOVE = YES;
				CLANG_WARN_UNGUARDED_AVAILABILITY = YES_AGGRESSIVE;
				CLANG_WARN_UNREACHABLE_CODE = YES;
				CLANG_WARN__DUPLICATE_METHOD_MATCH = YES;
				CODE_SIGN_IDENTITY = "iPhone Developer";
				COPY_PHASE_STRIP = NO;
				DEBUG_INFORMATION_FORMAT = "dwarf-with-dsym";
				ENABLE_NS_ASSERTIONS = NO;
				ENABLE_STRICT_OBJC_MSGSEND = YES;
				GCC_C_LANGUAGE_STANDARD = gnu11;
				GCC_NO_COMMON_BLOCKS = YES;
				GCC_WARN_64_TO_32_BIT_CONVERSION = YES;
				GCC_WARN_ABOUT_RETURN_TYPE = YES_ERROR;
				GCC_WARN_UNDECLARED_SELECTOR = YES;
				GCC_WARN_UNINITIALIZED_AUTOS = YES_AGGRESSIVE;
				GCC_WARN_UNUSED_FUNCTION = YES;
				GCC_WARN_UNUSED_VARIABLE = YES;
				IPHONEOS_DEPLOYMENT_TARGET = 11.0;
				MTL_ENABLE_DEBUG_INFO = NO;
				SDKROOT = iphoneos;
				SWIFT_OPTIMIZATION_LEVEL = "-Owholemodule";
				VALIDATE_PRODUCT = YES;
			};
			name = Release;
		};
		F9CDE1A41F981F13001F245D /* Debug */ = {
			isa = XCBuildConfiguration;
			buildSettings = {
				ASSETCATALOG_COMPILER_APPICON_NAME = AppIcon;
				CODE_SIGN_STYLE = Automatic;
				INFOPLIST_FILE = "Topi-Magjik/Info.plist";
				LD_RUNPATH_SEARCH_PATHS = "$(inherited) @executable_path/Frameworks";
				PRODUCT_BUNDLE_IDENTIFIER = "Altina.Topi-Magjik";
				PRODUCT_NAME = "$(TARGET_NAME)";
				SWIFT_VERSION = 4.0;
				TARGETED_DEVICE_FAMILY = "1,2";
			};
			name = Debug;
		};
		F9CDE1A51F981F13001F245D /* Release */ = {
			isa = XCBuildConfiguration;
			buildSettings = {
				ASSETCATALOG_COMPILER_APPICON_NAME = AppIcon;
				CODE_SIGN_STYLE = Automatic;
				INFOPLIST_FILE = "Topi-Magjik/Info.plist";
				LD_RUNPATH_SEARCH_PATHS = "$(inherited) @executable_path/Frameworks";
				PRODUCT_BUNDLE_IDENTIFIER = "Altina.Topi-Magjik";
				PRODUCT_NAME = "$(TARGET_NAME)";
				SWIFT_VERSION = 4.0;
				TARGETED_DEVICE_FAMILY = "1,2";
			};
			name = Release;
		};
/* End XCBuildConfiguration section */

/* Begin XCConfigurationList section */
		F9CDE18C1F981F13001F245D /* Build configuration list for PBXProject "Topi-Magjik" */ = {
			isa = XCConfigurationList;
			buildConfigurations = (
				F9CDE1A11F981F13001F245D /* Debug */,
				F9CDE1A21F981F13001F245D /* Release */,
			);
			defaultConfigurationIsVisible = 0;
			defaultConfigurationName = Release;
		};
		F9CDE1A31F981F13001F245D /* Build configuration list for PBXNativeTarget "Topi-Magjik" */ = {
			isa = XCConfigurationList;
			buildConfigurations = (
				F9CDE1A41F981F13001F245D /* Debug */,
				F9CDE1A51F981F13001F245D /* Release */,
			);
			defaultConfigurationIsVisible = 0;
			defaultConfigurationName = Release;
		};
/* End XCConfigurationList section */
	};
	rootObject = F9CDE1891F981F13001F245D /* Project object */;
}
